// !$*UTF8*$!
{
	archiveVersion = 1;
	classes = {
	};
	objectVersion = 56;
	objects = {

/* Begin PBXBuildFile section */
		62B32E962B91B7B500CDEBB0 /* CaloLensApp.swift in Sources */ = {isa = PBXBuildFile; fileRef = 62B32E952B91B7B500CDEBB0 /* CaloLensApp.swift */; };
		62B32E982B91B7B500CDEBB0 /* ScanView.swift in Sources */ = {isa = PBXBuildFile; fileRef = 62B32E972B91B7B500CDEBB0 /* ScanView.swift */; };
		62B32E9A2B91B7B700CDEBB0 /* Assets.xcassets in Resources */ = {isa = PBXBuildFile; fileRef = 62B32E992B91B7B700CDEBB0 /* Assets.xcassets */; };
		62B32E9D2B91B7B700CDEBB0 /* Preview Assets.xcassets in Resources */ = {isa = PBXBuildFile; fileRef = 62B32E9C2B91B7B700CDEBB0 /* Preview Assets.xcassets */; };
		62B32EA82B91B83400CDEBB0 /* GoogleGenerativeAI in Frameworks */ = {isa = PBXBuildFile; productRef = 62B32EA72B91B83400CDEBB0 /* GoogleGenerativeAI */; };
		62B32EAB2B91C40C00CDEBB0 /* AccessCameraView.swift in Sources */ = {isa = PBXBuildFile; fileRef = 62B32EAA2B91C40C00CDEBB0 /* AccessCameraView.swift */; };
		62FB8C492B9385D70005973D /* ScanVM.swift in Sources */ = {isa = PBXBuildFile; fileRef = 62FB8C482B9385D70005973D /* ScanVM.swift */; };
		62FB8C4C2B938BDF0005973D /* Constant.swift in Sources */ = {isa = PBXBuildFile; fileRef = 62FB8C4B2B938BDF0005973D /* Constant.swift */; };
		62FB8C4F2B938E360005973D /* Calorie.swift in Sources */ = {isa = PBXBuildFile; fileRef = 62FB8C4E2B938E360005973D /* Calorie.swift */; };
		62FB8C512B9441E80005973D /* LoadingIndicator.swift in Sources */ = {isa = PBXBuildFile; fileRef = 62FB8C502B9441E80005973D /* LoadingIndicator.swift */; };
		62FB8C532B9461E60005973D /* README.md in Resources */ = {isa = PBXBuildFile; fileRef = 62FB8C522B9461E60005973D /* README.md */; };
/* End PBXBuildFile section */

/* Begin PBXFileReference section */
		62B32E922B91B7B500CDEBB0 /* CaloLens.app */ = {isa = PBXFileReference; explicitFileType = wrapper.application; includeInIndex = 0; path = CaloLens.app; sourceTree = BUILT_PRODUCTS_DIR; };
		62B32E952B91B7B500CDEBB0 /* CaloLensApp.swift */ = {isa = PBXFileReference; lastKnownFileType = sourcecode.swift; path = CaloLensApp.swift; sourceTree = "<group>"; };
		62B32E972B91B7B500CDEBB0 /* ScanView.swift */ = {isa = PBXFileReference; lastKnownFileType = sourcecode.swift; path = ScanView.swift; sourceTree = "<group>"; };
		62B32E992B91B7B700CDEBB0 /* Assets.xcassets */ = {isa = PBXFileReference; lastKnownFileType = folder.assetcatalog; path = Assets.xcassets; sourceTree = "<group>"; };
		62B32E9C2B91B7B700CDEBB0 /* Preview Assets.xcassets */ = {isa = PBXFileReference; lastKnownFileType = folder.assetcatalog; path = "Preview Assets.xcassets"; sourceTree = "<group>"; };
		62B32EAA2B91C40C00CDEBB0 /* AccessCameraView.swift */ = {isa = PBXFileReference; lastKnownFileType = sourcecode.swift; path = AccessCameraView.swift; sourceTree = "<group>"; };
		62FB8C482B9385D70005973D /* ScanVM.swift */ = {isa = PBXFileReference; lastKnownFileType = sourcecode.swift; path = ScanVM.swift; sourceTree = "<group>"; };
		62FB8C4B2B938BDF0005973D /* Constant.swift */ = {isa = PBXFileReference; lastKnownFileType = sourcecode.swift; path = Constant.swift; sourceTree = "<group>"; };
		62FB8C4E2B938E360005973D /* Calorie.swift */ = {isa = PBXFileReference; lastKnownFileType = sourcecode.swift; path = Calorie.swift; sourceTree = "<group>"; };
		62FB8C502B9441E80005973D /* LoadingIndicator.swift */ = {isa = PBXFileReference; lastKnownFileType = sourcecode.swift; path = LoadingIndicator.swift; sourceTree = "<group>"; };
		62FB8C522B9461E60005973D /* README.md */ = {isa = PBXFileReference; lastKnownFileType = net.daringfireball.markdown; path = README.md; sourceTree = "<group>"; };
/* End PBXFileReference section */

/* Begin PBXFrameworksBuildPhase section */
		62B32E8F2B91B7B500CDEBB0 /* Frameworks */ = {
			isa = PBXFrameworksBuildPhase;
			buildActionMask = 2147483647;
			files = (
				62B32EA82B91B83400CDEBB0 /* GoogleGenerativeAI in Frameworks */,
			);
			runOnlyForDeploymentPostprocessing = 0;
		};
/* End PBXFrameworksBuildPhase section */

/* Begin PBXGroup section */
		62B32E892B91B7B500CDEBB0 = {
			isa = PBXGroup;
			children = (
				62FB8C522B9461E60005973D /* README.md */,
				62B32E942B91B7B500CDEBB0 /* CaloLens */,
				62B32E932B91B7B500CDEBB0 /* Products */,
			);
			sourceTree = "<group>";
		};
		62B32E932B91B7B500CDEBB0 /* Products */ = {
			isa = PBXGroup;
			children = (
				62B32E922B91B7B500CDEBB0 /* CaloLens.app */,
			);
			name = Products;
			sourceTree = "<group>";
		};
		62B32E942B91B7B500CDEBB0 /* CaloLens */ = {
			isa = PBXGroup;
			children = (
				62B32EA32B91B7E900CDEBB0 /* App */,
				62FB8C4A2B938BD40005973D /* Commons */,
				62FB8C4D2B938E2D0005973D /* Models */,
				62B32E9B2B91B7B700CDEBB0 /* Preview Content */,
				62B32EA52B91B7FD00CDEBB0 /* Resources */,
				62B32EA42B91B7F700CDEBB0 /* View */,
				62FB8C472B9385C40005973D /* ViewModel */,
			);
			path = CaloLens;
			sourceTree = "<group>";
		};
		62B32E9B2B91B7B700CDEBB0 /* Preview Content */ = {
			isa = PBXGroup;
			children = (
				62B32E9C2B91B7B700CDEBB0 /* Preview Assets.xcassets */,
			);
			path = "Preview Content";
			sourceTree = "<group>";
		};
		62B32EA32B91B7E900CDEBB0 /* App */ = {
			isa = PBXGroup;
			children = (
				62B32E952B91B7B500CDEBB0 /* CaloLensApp.swift */,
			);
			path = App;
			sourceTree = "<group>";
		};
		62B32EA42B91B7F700CDEBB0 /* View */ = {
			isa = PBXGroup;
			children = (
				62B32E972B91B7B500CDEBB0 /* ScanView.swift */,
				62B32EAA2B91C40C00CDEBB0 /* AccessCameraView.swift */,
				62FB8C502B9441E80005973D /* LoadingIndicator.swift */,
			);
			path = View;
			sourceTree = "<group>";
		};
		62B32EA52B91B7FD00CDEBB0 /* Resources */ = {
			isa = PBXGroup;
			children = (
				62B32E992B91B7B700CDEBB0 /* Assets.xcassets */,
			);
			path = Resources;
			sourceTree = "<group>";
		};
		62FB8C472B9385C40005973D /* ViewModel */ = {
			isa = PBXGroup;
			children = (
				62FB8C482B9385D70005973D /* ScanVM.swift */,
			);
			path = ViewModel;
			sourceTree = "<group>";
		};
		62FB8C4A2B938BD40005973D /* Commons */ = {
			isa = PBXGroup;
			children = (
				62FB8C4B2B938BDF0005973D /* Constant.swift */,
			);
			path = Commons;
			sourceTree = "<group>";
		};
		62FB8C4D2B938E2D0005973D /* Models */ = {
			isa = PBXGroup;
			children = (
				62FB8C4E2B938E360005973D /* Calorie.swift */,
			);
			path = Models;
			sourceTree = "<group>";
		};
/* End PBXGroup section */

/* Begin PBXNativeTarget section */
		62B32E912B91B7B500CDEBB0 /* CaloLens */ = {
			isa = PBXNativeTarget;
			buildConfigurationList = 62B32EA02B91B7B700CDEBB0 /* Build configuration list for PBXNativeTarget "CaloLens" */;
			buildPhases = (
				62B32E8E2B91B7B500CDEBB0 /* Sources */,
				62B32E8F2B91B7B500CDEBB0 /* Frameworks */,
				62B32E902B91B7B500CDEBB0 /* Resources */,
			);
			buildRules = (
			);
			dependencies = (
			);
			name = CaloLens;
			packageProductDependencies = (
				62B32EA72B91B83400CDEBB0 /* GoogleGenerativeAI */,
			);
			productName = CaloLens;
			productReference = 62B32E922B91B7B500CDEBB0 /* CaloLens.app */;
			productType = "com.apple.product-type.application";
		};
/* End PBXNativeTarget section */

/* Begin PBXProject section */
		62B32E8A2B91B7B500CDEBB0 /* Project object */ = {
			isa = PBXProject;
			attributes = {
				BuildIndependentTargetsInParallel = 1;
				LastSwiftUpdateCheck = 1510;
				LastUpgradeCheck = 1510;
				TargetAttributes = {
					62B32E912B91B7B500CDEBB0 = {
						CreatedOnToolsVersion = 15.1;
					};
				};
			};
			buildConfigurationList = 62B32E8D2B91B7B500CDEBB0 /* Build configuration list for PBXProject "CaloLens" */;
			compatibilityVersion = "Xcode 14.0";
			developmentRegion = en;
			hasScannedForEncodings = 0;
			knownRegions = (
				en,
				Base,
			);
			mainGroup = 62B32E892B91B7B500CDEBB0;
			packageReferences = (
				62B32EA62B91B83400CDEBB0 /* XCRemoteSwiftPackageReference "generative-ai-swift" */,
			);
			productRefGroup = 62B32E932B91B7B500CDEBB0 /* Products */;
			projectDirPath = "";
			projectRoot = "";
			targets = (
				62B32E912B91B7B500CDEBB0 /* CaloLens */,
			);
		};
/* End PBXProject section */

/* Begin PBXResourcesBuildPhase section */
		62B32E902B91B7B500CDEBB0 /* Resources */ = {
			isa = PBXResourcesBuildPhase;
			buildActionMask = 2147483647;
			files = (
				62FB8C532B9461E60005973D /* README.md in Resources */,
				62B32E9D2B91B7B700CDEBB0 /* Preview Assets.xcassets in Resources */,
				62B32E9A2B91B7B700CDEBB0 /* Assets.xcassets in Resources */,
			);
			runOnlyForDeploymentPostprocessing = 0;
		};
/* End PBXResourcesBuildPhase section */

/* Begin PBXSourcesBuildPhase section */
		62B32E8E2B91B7B500CDEBB0 /* Sources */ = {
			isa = PBXSourcesBuildPhase;
			buildActionMask = 2147483647;
			files = (
				62B32EAB2B91C40C00CDEBB0 /* AccessCameraView.swift in Sources */,
				62B32E982B91B7B500CDEBB0 /* ScanView.swift in Sources */,
				62FB8C4C2B938BDF0005973D /* Constant.swift in Sources */,
				62FB8C512B9441E80005973D /* LoadingIndicator.swift in Sources */,
				62FB8C4F2B938E360005973D /* Calorie.swift in Sources */,
				62B32E962B91B7B500CDEBB0 /* CaloLensApp.swift in Sources */,
				62FB8C492B9385D70005973D /* ScanVM.swift in Sources */,
			);
			runOnlyForDeploymentPostprocessing = 0;
		};
/* End PBXSourcesBuildPhase section */

/* Begin XCBuildConfiguration section */
		62B32E9E2B91B7B700CDEBB0 /* Debug */ = {
			isa = XCBuildConfiguration;
			buildSettings = {
				ALWAYS_SEARCH_USER_PATHS = NO;
				ASSETCATALOG_COMPILER_GENERATE_SWIFT_ASSET_SYMBOL_EXTENSIONS = YES;
				CLANG_ANALYZER_NONNULL = YES;
				CLANG_ANALYZER_NUMBER_OBJECT_CONVERSION = YES_AGGRESSIVE;
				CLANG_CXX_LANGUAGE_STANDARD = "gnu++20";
				CLANG_ENABLE_MODULES = YES;
				CLANG_ENABLE_OBJC_ARC = YES;
				CLANG_ENABLE_OBJC_WEAK = YES;
				CLANG_WARN_BLOCK_CAPTURE_AUTORELEASING = YES;
				CLANG_WARN_BOOL_CONVERSION = YES;
				CLANG_WARN_COMMA = YES;
				CLANG_WARN_CONSTANT_CONVERSION = YES;
				CLANG_WARN_DEPRECATED_OBJC_IMPLEMENTATIONS = YES;
				CLANG_WARN_DIRECT_OBJC_ISA_USAGE = YES_ERROR;
				CLANG_WARN_DOCUMENTATION_COMMENTS = YES;
				CLANG_WARN_EMPTY_BODY = YES;
				CLANG_WARN_ENUM_CONVERSION = YES;
				CLANG_WARN_INFINITE_RECURSION = YES;
				CLANG_WARN_INT_CONVERSION = YES;
				CLANG_WARN_NON_LITERAL_NULL_CONVERSION = YES;
				CLANG_WARN_OBJC_IMPLICIT_RETAIN_SELF = YES;
				CLANG_WARN_OBJC_LITERAL_CONVERSION = YES;
				CLANG_WARN_OBJC_ROOT_CLASS = YES_ERROR;
				CLANG_WARN_QUOTED_INCLUDE_IN_FRAMEWORK_HEADER = YES;
				CLANG_WARN_RANGE_LOOP_ANALYSIS = YES;
				CLANG_WARN_STRICT_PROTOTYPES = YES;
				CLANG_WARN_SUSPICIOUS_MOVE = YES;
				CLANG_WARN_UNGUARDED_AVAILABILITY = YES_AGGRESSIVE;
				CLANG_WARN_UNREACHABLE_CODE = YES;
				CLANG_WARN__DUPLICATE_METHOD_MATCH = YES;
				COPY_PHASE_STRIP = NO;
				DEBUG_INFORMATION_FORMAT = dwarf;
				ENABLE_STRICT_OBJC_MSGSEND = YES;
				ENABLE_TESTABILITY = YES;
				ENABLE_USER_SCRIPT_SANDBOXING = YES;
				GCC_C_LANGUAGE_STANDARD = gnu17;
				GCC_DYNAMIC_NO_PIC = NO;
				GCC_NO_COMMON_BLOCKS = YES;
				GCC_OPTIMIZATION_LEVEL = 0;
				GCC_PREPROCESSOR_DEFINITIONS = (
					"DEBUG=1",
					"$(inherited)",
				);
				GCC_WARN_64_TO_32_BIT_CONVERSION = YES;
				GCC_WARN_ABOUT_RETURN_TYPE = YES_ERROR;
				GCC_WARN_UNDECLARED_SELECTOR = YES;
				GCC_WARN_UNINITIALIZED_AUTOS = YES_AGGRESSIVE;
				GCC_WARN_UNUSED_FUNCTION = YES;
				GCC_WARN_UNUSED_VARIABLE = YES;
				IPHONEOS_DEPLOYMENT_TARGET = 17.2;
				LOCALIZATION_PREFERS_STRING_CATALOGS = YES;
				MTL_ENABLE_DEBUG_INFO = INCLUDE_SOURCE;
				MTL_FAST_MATH = YES;
				ONLY_ACTIVE_ARCH = YES;
				SDKROOT = iphoneos;
				SWIFT_ACTIVE_COMPILATION_CONDITIONS = "DEBUG $(inherited)";
				SWIFT_OPTIMIZATION_LEVEL = "-Onone";
			};
			name = Debug;
		};
		62B32E9F2B91B7B700CDEBB0 /* Release */ = {
			isa = XCBuildConfiguration;
			buildSettings = {
				ALWAYS_SEARCH_USER_PATHS = NO;
				ASSETCATALOG_COMPILER_GENERATE_SWIFT_ASSET_SYMBOL_EXTENSIONS = YES;
				CLANG_ANALYZER_NONNULL = YES;
				CLANG_ANALYZER_NUMBER_OBJECT_CONVERSION = YES_AGGRESSIVE;
				CLANG_CXX_LANGUAGE_STANDARD = "gnu++20";
				CLANG_ENABLE_MODULES = YES;
				CLANG_ENABLE_OBJC_ARC = YES;
				CLANG_ENABLE_OBJC_WEAK = YES;
				CLANG_WARN_BLOCK_CAPTURE_AUTORELEASING = YES;
				CLANG_WARN_BOOL_CONVERSION = YES;
				CLANG_WARN_COMMA = YES;
				CLANG_WARN_CONSTANT_CONVERSION = YES;
				CLANG_WARN_DEPRECATED_OBJC_IMPLEMENTATIONS = YES;
				CLANG_WARN_DIRECT_OBJC_ISA_USAGE = YES_ERROR;
				CLANG_WARN_DOCUMENTATION_COMMENTS = YES;
				CLANG_WARN_EMPTY_BODY = YES;
				CLANG_WARN_ENUM_CONVERSION = YES;
				CLANG_WARN_INFINITE_RECURSION = YES;
				CLANG_WARN_INT_CONVERSION = YES;
				CLANG_WARN_NON_LITERAL_NULL_CONVERSION = YES;
				CLANG_WARN_OBJC_IMPLICIT_RETAIN_SELF = YES;
				CLANG_WARN_OBJC_LITERAL_CONVERSION = YES;
				CLANG_WARN_OBJC_ROOT_CLASS = YES_ERROR;
				CLANG_WARN_QUOTED_INCLUDE_IN_FRAMEWORK_HEADER = YES;
				CLANG_WARN_RANGE_LOOP_ANALYSIS = YES;
				CLANG_WARN_STRICT_PROTOTYPES = YES;
				CLANG_WARN_SUSPICIOUS_MOVE = YES;
				CLANG_WARN_UNGUARDED_AVAILABILITY = YES_AGGRESSIVE;
				CLANG_WARN_UNREACHABLE_CODE = YES;
				CLANG_WARN__DUPLICATE_METHOD_MATCH = YES;
				COPY_PHASE_STRIP = NO;
				DEBUG_INFORMATION_FORMAT = "dwarf-with-dsym";
				ENABLE_NS_ASSERTIONS = NO;
				ENABLE_STRICT_OBJC_MSGSEND = YES;
				ENABLE_USER_SCRIPT_SANDBOXING = YES;
				GCC_C_LANGUAGE_STANDARD = gnu17;
				GCC_NO_COMMON_BLOCKS = YES;
				GCC_WARN_64_TO_32_BIT_CONVERSION = YES;
				GCC_WARN_ABOUT_RETURN_TYPE = YES_ERROR;
				GCC_WARN_UNDECLARED_SELECTOR = YES;
				GCC_WARN_UNINITIALIZED_AUTOS = YES_AGGRESSIVE;
				GCC_WARN_UNUSED_FUNCTION = YES;
				GCC_WARN_UNUSED_VARIABLE = YES;
				IPHONEOS_DEPLOYMENT_TARGET = 17.2;
				LOCALIZATION_PREFERS_STRING_CATALOGS = YES;
				MTL_ENABLE_DEBUG_INFO = NO;
				MTL_FAST_MATH = YES;
				SDKROOT = iphoneos;
				SWIFT_COMPILATION_MODE = wholemodule;
				VALIDATE_PRODUCT = YES;
			};
			name = Release;
		};
		62B32EA12B91B7B700CDEBB0 /* Debug */ = {
			isa = XCBuildConfiguration;
			buildSettings = {
				ASSETCATALOG_COMPILER_APPICON_NAME = AppIcon;
				ASSETCATALOG_COMPILER_GLOBAL_ACCENT_COLOR_NAME = AccentColor;
				CODE_SIGN_STYLE = Automatic;
				CURRENT_PROJECT_VERSION = 1;
				DEVELOPMENT_ASSET_PATHS = "\"CaloLens/Preview Content\"";
				DEVELOPMENT_TEAM = FZ3YF5VBZ6;
				ENABLE_PREVIEWS = YES;
				GENERATE_INFOPLIST_FILE = YES;
				INFOPLIST_FILE = CaloLens/Info.plist;
				INFOPLIST_KEY_NSCameraUsageDescription = "This app need to capture image to show in the app";
				INFOPLIST_KEY_UIApplicationSceneManifest_Generation = YES;
				INFOPLIST_KEY_UIApplicationSupportsIndirectInputEvents = YES;
				INFOPLIST_KEY_UILaunchScreen_Generation = YES;
				INFOPLIST_KEY_UISupportedInterfaceOrientations_iPad = "UIInterfaceOrientationPortrait UIInterfaceOrientationPortraitUpsideDown UIInterfaceOrientationLandscapeLeft UIInterfaceOrientationLandscapeRight";
				INFOPLIST_KEY_UISupportedInterfaceOrientations_iPhone = "UIInterfaceOrientationPortrait UIInterfaceOrientationLandscapeLeft UIInterfaceOrientationLandscapeRight";
				IPHONEOS_DEPLOYMENT_TARGET = 15.0;
				LD_RUNPATH_SEARCH_PATHS = (
					"$(inherited)",
					"@executable_path/Frameworks",
				);
				MARKETING_VERSION = 1.0;
				PRODUCT_BUNDLE_IDENTIFIER = riza.CaloLens;
				PRODUCT_NAME = "$(TARGET_NAME)";
				SUPPORTED_PLATFORMS = "iphoneos iphonesimulator";
				SUPPORTS_MACCATALYST = NO;
				SUPPORTS_MAC_DESIGNED_FOR_IPHONE_IPAD = NO;
				SWIFT_EMIT_LOC_STRINGS = YES;
				SWIFT_VERSION = 5.0;
				TARGETED_DEVICE_FAMILY = 1;
			};
			name = Debug;
		};
		62B32EA22B91B7B700CDEBB0 /* Release */ = {
			isa = XCBuildConfiguration;
			buildSettings = {
				ASSETCATALOG_COMPILER_APPICON_NAME = AppIcon;
				ASSETCATALOG_COMPILER_GLOBAL_ACCENT_COLOR_NAME = AccentColor;
				CODE_SIGN_STYLE = Automatic;
				CURRENT_PROJECT_VERSION = 1;
				DEVELOPMENT_ASSET_PATHS = "\"CaloLens/Preview Content\"";
				DEVELOPMENT_TEAM = FZ3YF5VBZ6;
				ENABLE_PREVIEWS = YES;
				GENERATE_INFOPLIST_FILE = YES;
				INFOPLIST_FILE = CaloLens/Info.plist;
				INFOPLIST_KEY_NSCameraUsageDescription = "This app need to capture image to show in the app";
				INFOPLIST_KEY_UIApplicationSceneManifest_Generation = YES;
				INFOPLIST_KEY_UIApplicationSupportsIndirectInputEvents = YES;
				INFOPLIST_KEY_UILaunchScreen_Generation = YES;
				INFOPLIST_KEY_UISupportedInterfaceOrientations_iPad = "UIInterfaceOrientationPortrait UIInterfaceOrientationPortraitUpsideDown UIInterfaceOrientationLandscapeLeft UIInterfaceOrientationLandscapeRight";
				INFOPLIST_KEY_UISupportedInterfaceOrientations_iPhone = "UIInterfaceOrientationPortrait UIInterfaceOrientationLandscapeLeft UIInterfaceOrientationLandscapeRight";
				IPHONEOS_DEPLOYMENT_TARGET = 15.0;
				LD_RUNPATH_SEARCH_PATHS = (
					"$(inherited)",
					"@executable_path/Frameworks",
				);
				MARKETING_VERSION = 1.0;
				PRODUCT_BUNDLE_IDENTIFIER = riza.CaloLens;
				PRODUCT_NAME = "$(TARGET_NAME)";
				SUPPORTED_PLATFORMS = "iphoneos iphonesimulator";
				SUPPORTS_MACCATALYST = NO;
				SUPPORTS_MAC_DESIGNED_FOR_IPHONE_IPAD = NO;
				SWIFT_EMIT_LOC_STRINGS = YES;
				SWIFT_VERSION = 5.0;
				TARGETED_DEVICE_FAMILY = 1;
			};
			name = Release;
		};
/* End XCBuildConfiguration section */

/* Begin XCConfigurationList section */
		62B32E8D2B91B7B500CDEBB0 /* Build configuration list for PBXProject "CaloLens" */ = {
			isa = XCConfigurationList;
			buildConfigurations = (
				62B32E9E2B91B7B700CDEBB0 /* Debug */,
				62B32E9F2B91B7B700CDEBB0 /* Release */,
			);
			defaultConfigurationIsVisible = 0;
			defaultConfigurationName = Release;
		};
		62B32EA02B91B7B700CDEBB0 /* Build configuration list for PBXNativeTarget "CaloLens" */ = {
			isa = XCConfigurationList;
			buildConfigurations = (
				62B32EA12B91B7B700CDEBB0 /* Debug */,
				62B32EA22B91B7B700CDEBB0 /* Release */,
			);
			defaultConfigurationIsVisible = 0;
			defaultConfigurationName = Release;
		};
/* End XCConfigurationList section */

/* Begin XCRemoteSwiftPackageReference section */
		62B32EA62B91B83400CDEBB0 /* XCRemoteSwiftPackageReference "generative-ai-swift" */ = {
			isa = XCRemoteSwiftPackageReference;
			repositoryURL = "https://github.com/google/generative-ai-swift.git";
			requirement = {
				kind = upToNextMajorVersion;
				minimumVersion = 0.4.8;
			};
		};
/* End XCRemoteSwiftPackageReference section */

/* Begin XCSwiftPackageProductDependency section */
		62B32EA72B91B83400CDEBB0 /* GoogleGenerativeAI */ = {
			isa = XCSwiftPackageProductDependency;
			package = 62B32EA62B91B83400CDEBB0 /* XCRemoteSwiftPackageReference "generative-ai-swift" */;
			productName = GoogleGenerativeAI;
		};
/* End XCSwiftPackageProductDependency section */
	};
	rootObject = 62B32E8A2B91B7B500CDEBB0 /* Project object */;
}
